// !$*UTF8*$!
{
	archiveVersion = 1;
	classes = {
	};
	objectVersion = 56;
	objects = {

/* Begin PBXBuildFile section */
		672F24202B6739930032D01B /* AppDelegate.swift in Sources */ = {isa = PBXBuildFile; fileRef = 672F241F2B6739930032D01B /* AppDelegate.swift */; };
		672F24222B6739930032D01B /* SceneDelegate.swift in Sources */ = {isa = PBXBuildFile; fileRef = 672F24212B6739930032D01B /* SceneDelegate.swift */; };
		672F24242B6739930032D01B /* ViewController.swift in Sources */ = {isa = PBXBuildFile; fileRef = 672F24232B6739930032D01B /* ViewController.swift */; };
		672F24272B6739930032D01B /* Main.storyboard in Resources */ = {isa = PBXBuildFile; fileRef = 672F24252B6739930032D01B /* Main.storyboard */; };
		672F24292B6739940032D01B /* Assets.xcassets in Resources */ = {isa = PBXBuildFile; fileRef = 672F24282B6739940032D01B /* Assets.xcassets */; };
		672F242C2B6739940032D01B /* LaunchScreen.storyboard in Resources */ = {isa = PBXBuildFile; fileRef = 672F242A2B6739940032D01B /* LaunchScreen.storyboard */; };
		672F24372B6739940032D01B /* tringuloMetalTests.swift in Sources */ = {isa = PBXBuildFile; fileRef = 672F24362B6739940032D01B /* tringuloMetalTests.swift */; };
		672F24412B6739940032D01B /* tringuloMetalUITests.swift in Sources */ = {isa = PBXBuildFile; fileRef = 672F24402B6739940032D01B /* tringuloMetalUITests.swift */; };
		672F24432B6739940032D01B /* tringuloMetalUITestsLaunchTests.swift in Sources */ = {isa = PBXBuildFile; fileRef = 672F24422B6739940032D01B /* tringuloMetalUITestsLaunchTests.swift */; };
		673161122B69EA91004EC08A /* Shader.metal in Sources */ = {isa = PBXBuildFile; fileRef = 673161112B69EA91004EC08A /* Shader.metal */; };
		674CB43E2B9809C6007A9747 /* TextureViewController.swift in Sources */ = {isa = PBXBuildFile; fileRef = 674CB43D2B9809C6007A9747 /* TextureViewController.swift */; };
		674CB4402B9809EB007A9747 /* TextureModel.swift in Sources */ = {isa = PBXBuildFile; fileRef = 674CB43F2B9809EB007A9747 /* TextureModel.swift */; };
		674CB4422B981303007A9747 /* TextureShaders.metal in Sources */ = {isa = PBXBuildFile; fileRef = 674CB4412B981303007A9747 /* TextureShaders.metal */; };
		67A3885A2B6C895400EFF5C1 /* tiroParabolico.swift in Sources */ = {isa = PBXBuildFile; fileRef = 67A388592B6C895400EFF5C1 /* tiroParabolico.swift */; };
		67A3885C2B6C897600EFF5C1 /* metaStructures.swift in Sources */ = {isa = PBXBuildFile; fileRef = 67A3885B2B6C897600EFF5C1 /* metaStructures.swift */; };
		67A3885E2B6C932000EFF5C1 /* trianguloCruculos.swift in Sources */ = {isa = PBXBuildFile; fileRef = 67A3885D2B6C932000EFF5C1 /* trianguloCruculos.swift */; };
		67A388602B6C9B1B00EFF5C1 /* subamortiguado.swift in Sources */ = {isa = PBXBuildFile; fileRef = 67A3885F2B6C9B1B00EFF5C1 /* subamortiguado.swift */; };
		67F7D3AA2B708B6500987072 /* ColorPlane.swift in Sources */ = {isa = PBXBuildFile; fileRef = 67F7D3A92B708B6500987072 /* ColorPlane.swift */; };
		9F208A862B96020C007E6E4F /* wt_teapot.obj in Resources */ = {isa = PBXBuildFile; fileRef = 9F208A852B96020C007E6E4F /* wt_teapot.obj */; };
		9FAC01602B9608A500A75C1B /* TealPodModel.swift in Sources */ = {isa = PBXBuildFile; fileRef = 9FAC015F2B9608A500A75C1B /* TealPodModel.swift */; };
		9FAC01622B97531200A75C1B /* teaPodStrcutures.swift in Sources */ = {isa = PBXBuildFile; fileRef = 9FAC01612B97531200A75C1B /* teaPodStrcutures.swift */; };
		9FAC01642B97556B00A75C1B /* teaPod.metal in Sources */ = {isa = PBXBuildFile; fileRef = 9FAC01632B97556B00A75C1B /* teaPod.metal */; };
		9FAC01662B98B64D00A75C1B /* ligth.jpeg in Resources */ = {isa = PBXBuildFile; fileRef = 9FAC01652B98B64D00A75C1B /* ligth.jpeg */; };
		9FAC01682B98BBD600A75C1B /* why.jpg in Resources */ = {isa = PBXBuildFile; fileRef = 9FAC01672B98BBD600A75C1B /* why.jpg */; };
		9FAC016A2B98BD0600A75C1B /* Purplecolor.JPG in Resources */ = {isa = PBXBuildFile; fileRef = 9FAC01692B98BD0600A75C1B /* Purplecolor.JPG */; };
		9FAC016C2B98BDAE00A75C1B /* color.jpg in Resources */ = {isa = PBXBuildFile; fileRef = 9FAC016B2B98BDAE00A75C1B /* color.jpg */; };
		9FAC016E2B98C15700A75C1B /* sim.png in Resources */ = {isa = PBXBuildFile; fileRef = 9FAC016D2B98C15700A75C1B /* sim.png */; };
		9FB1AC282B92278C00244EE3 /* teaPodViewController.swift in Sources */ = {isa = PBXBuildFile; fileRef = 9FB1AC272B92278C00244EE3 /* teaPodViewController.swift */; };
/* End PBXBuildFile section */

/* Begin PBXContainerItemProxy section */
		672F24332B6739940032D01B /* PBXContainerItemProxy */ = {
			isa = PBXContainerItemProxy;
			containerPortal = 672F24142B6739930032D01B /* Project object */;
			proxyType = 1;
			remoteGlobalIDString = 672F241B2B6739930032D01B;
			remoteInfo = tringuloMetal;
		};
		672F243D2B6739940032D01B /* PBXContainerItemProxy */ = {
			isa = PBXContainerItemProxy;
			containerPortal = 672F24142B6739930032D01B /* Project object */;
			proxyType = 1;
			remoteGlobalIDString = 672F241B2B6739930032D01B;
			remoteInfo = tringuloMetal;
		};
/* End PBXContainerItemProxy section */

/* Begin PBXFileReference section */
		672F241C2B6739930032D01B /* tringuloMetal.app */ = {isa = PBXFileReference; explicitFileType = wrapper.application; includeInIndex = 0; path = tringuloMetal.app; sourceTree = BUILT_PRODUCTS_DIR; };
		672F241F2B6739930032D01B /* AppDelegate.swift */ = {isa = PBXFileReference; lastKnownFileType = sourcecode.swift; path = AppDelegate.swift; sourceTree = "<group>"; };
		672F24212B6739930032D01B /* SceneDelegate.swift */ = {isa = PBXFileReference; lastKnownFileType = sourcecode.swift; path = SceneDelegate.swift; sourceTree = "<group>"; };
		672F24232B6739930032D01B /* ViewController.swift */ = {isa = PBXFileReference; lastKnownFileType = sourcecode.swift; path = ViewController.swift; sourceTree = "<group>"; };
		672F24262B6739930032D01B /* Base */ = {isa = PBXFileReference; lastKnownFileType = file.storyboard; name = Base; path = Base.lproj/Main.storyboard; sourceTree = "<group>"; };
		672F24282B6739940032D01B /* Assets.xcassets */ = {isa = PBXFileReference; lastKnownFileType = folder.assetcatalog; path = Assets.xcassets; sourceTree = "<group>"; };
		672F242B2B6739940032D01B /* Base */ = {isa = PBXFileReference; lastKnownFileType = file.storyboard; name = Base; path = Base.lproj/LaunchScreen.storyboard; sourceTree = "<group>"; };
		672F242D2B6739940032D01B /* Info.plist */ = {isa = PBXFileReference; lastKnownFileType = text.plist.xml; path = Info.plist; sourceTree = "<group>"; };
		672F24322B6739940032D01B /* tringuloMetalTests.xctest */ = {isa = PBXFileReference; explicitFileType = wrapper.cfbundle; includeInIndex = 0; path = tringuloMetalTests.xctest; sourceTree = BUILT_PRODUCTS_DIR; };
		672F24362B6739940032D01B /* tringuloMetalTests.swift */ = {isa = PBXFileReference; lastKnownFileType = sourcecode.swift; path = tringuloMetalTests.swift; sourceTree = "<group>"; };
		672F243C2B6739940032D01B /* tringuloMetalUITests.xctest */ = {isa = PBXFileReference; explicitFileType = wrapper.cfbundle; includeInIndex = 0; path = tringuloMetalUITests.xctest; sourceTree = BUILT_PRODUCTS_DIR; };
		672F24402B6739940032D01B /* tringuloMetalUITests.swift */ = {isa = PBXFileReference; lastKnownFileType = sourcecode.swift; path = tringuloMetalUITests.swift; sourceTree = "<group>"; };
		672F24422B6739940032D01B /* tringuloMetalUITestsLaunchTests.swift */ = {isa = PBXFileReference; lastKnownFileType = sourcecode.swift; path = tringuloMetalUITestsLaunchTests.swift; sourceTree = "<group>"; };
		673161112B69EA91004EC08A /* Shader.metal */ = {isa = PBXFileReference; lastKnownFileType = sourcecode.metal; path = Shader.metal; sourceTree = "<group>"; };
		674CB43D2B9809C6007A9747 /* TextureViewController.swift */ = {isa = PBXFileReference; lastKnownFileType = sourcecode.swift; path = TextureViewController.swift; sourceTree = "<group>"; };
		674CB43F2B9809EB007A9747 /* TextureModel.swift */ = {isa = PBXFileReference; lastKnownFileType = sourcecode.swift; path = TextureModel.swift; sourceTree = "<group>"; };
		674CB4412B981303007A9747 /* TextureShaders.metal */ = {isa = PBXFileReference; lastKnownFileType = sourcecode.metal; path = TextureShaders.metal; sourceTree = "<group>"; };
		67A388592B6C895400EFF5C1 /* tiroParabolico.swift */ = {isa = PBXFileReference; lastKnownFileType = sourcecode.swift; path = tiroParabolico.swift; sourceTree = "<group>"; };
		67A3885B2B6C897600EFF5C1 /* metaStructures.swift */ = {isa = PBXFileReference; lastKnownFileType = sourcecode.swift; path = metaStructures.swift; sourceTree = "<group>"; };
		67A3885D2B6C932000EFF5C1 /* trianguloCruculos.swift */ = {isa = PBXFileReference; lastKnownFileType = sourcecode.swift; path = trianguloCruculos.swift; sourceTree = "<group>"; };
		67A3885F2B6C9B1B00EFF5C1 /* subamortiguado.swift */ = {isa = PBXFileReference; lastKnownFileType = sourcecode.swift; path = subamortiguado.swift; sourceTree = "<group>"; };
		67F7D3A92B708B6500987072 /* ColorPlane.swift */ = {isa = PBXFileReference; lastKnownFileType = sourcecode.swift; path = ColorPlane.swift; sourceTree = "<group>"; };
		9F208A852B96020C007E6E4F /* wt_teapot.obj */ = {isa = PBXFileReference; fileEncoding = 4; lastKnownFileType = text; path = wt_teapot.obj; sourceTree = "<group>"; };
		9FAC015F2B9608A500A75C1B /* TealPodModel.swift */ = {isa = PBXFileReference; lastKnownFileType = sourcecode.swift; path = TealPodModel.swift; sourceTree = "<group>"; };
		9FAC01612B97531200A75C1B /* teaPodStrcutures.swift */ = {isa = PBXFileReference; lastKnownFileType = sourcecode.swift; path = teaPodStrcutures.swift; sourceTree = "<group>"; };
		9FAC01632B97556B00A75C1B /* teaPod.metal */ = {isa = PBXFileReference; lastKnownFileType = sourcecode.metal; path = teaPod.metal; sourceTree = "<group>"; };
		9FAC01652B98B64D00A75C1B /* ligth.jpeg */ = {isa = PBXFileReference; lastKnownFileType = image.jpeg; path = ligth.jpeg; sourceTree = SOURCE_ROOT; };
		9FAC01672B98BBD600A75C1B /* why.jpg */ = {isa = PBXFileReference; lastKnownFileType = image.jpeg; path = why.jpg; sourceTree = SOURCE_ROOT; };
		9FAC01692B98BD0600A75C1B /* Purplecolor.JPG */ = {isa = PBXFileReference; lastKnownFileType = image.jpeg; path = Purplecolor.JPG; sourceTree = SOURCE_ROOT; };
		9FAC016B2B98BDAE00A75C1B /* color.jpg */ = {isa = PBXFileReference; lastKnownFileType = image.jpeg; path = color.jpg; sourceTree = SOURCE_ROOT; };
		9FAC016D2B98C15700A75C1B /* sim.png */ = {isa = PBXFileReference; lastKnownFileType = image.png; path = sim.png; sourceTree = SOURCE_ROOT; };
		9FB1AC272B92278C00244EE3 /* teaPodViewController.swift */ = {isa = PBXFileReference; lastKnownFileType = sourcecode.swift; path = teaPodViewController.swift; sourceTree = "<group>"; };
/* End PBXFileReference section */

/* Begin PBXFrameworksBuildPhase section */
		672F24192B6739930032D01B /* Frameworks */ = {
			isa = PBXFrameworksBuildPhase;
			buildActionMask = 2147483647;
			files = (
			);
			runOnlyForDeploymentPostprocessing = 0;
		};
		672F242F2B6739940032D01B /* Frameworks */ = {
			isa = PBXFrameworksBuildPhase;
			buildActionMask = 2147483647;
			files = (
			);
			runOnlyForDeploymentPostprocessing = 0;
		};
		672F24392B6739940032D01B /* Frameworks */ = {
			isa = PBXFrameworksBuildPhase;
			buildActionMask = 2147483647;
			files = (
			);
			runOnlyForDeploymentPostprocessing = 0;
		};
/* End PBXFrameworksBuildPhase section */

/* Begin PBXGroup section */
		672F24132B6739930032D01B = {
			isa = PBXGroup;
			children = (
				674CB43C2B9809B1007A9747 /* texture */,
				9FB1AC2A2B922AC500244EE3 /* teaPot */,
				672F241E2B6739930032D01B /* tringuloMetal */,
				672F24352B6739940032D01B /* tringuloMetalTests */,
				672F243F2B6739940032D01B /* tringuloMetalUITests */,
				672F241D2B6739930032D01B /* Products */,
			);
			sourceTree = "<group>";
		};
		672F241D2B6739930032D01B /* Products */ = {
			isa = PBXGroup;
			children = (
				672F241C2B6739930032D01B /* tringuloMetal.app */,
				672F24322B6739940032D01B /* tringuloMetalTests.xctest */,
				672F243C2B6739940032D01B /* tringuloMetalUITests.xctest */,
			);
			name = Products;
			sourceTree = "<group>";
		};
		672F241E2B6739930032D01B /* tringuloMetal */ = {
			isa = PBXGroup;
			children = (
				672F242D2B6739940032D01B /* Info.plist */,
				672F24282B6739940032D01B /* Assets.xcassets */,
				672F24212B6739930032D01B /* SceneDelegate.swift */,
				672F241F2B6739930032D01B /* AppDelegate.swift */,
				672F24232B6739930032D01B /* ViewController.swift */,
				67A3885B2B6C897600EFF5C1 /* metaStructures.swift */,
				67A388592B6C895400EFF5C1 /* tiroParabolico.swift */,
				67A3885D2B6C932000EFF5C1 /* trianguloCruculos.swift */,
				67A3885F2B6C9B1B00EFF5C1 /* subamortiguado.swift */,
				67F7D3A92B708B6500987072 /* ColorPlane.swift */,
				673161112B69EA91004EC08A /* Shader.metal */,
				672F24252B6739930032D01B /* Main.storyboard */,
				672F242A2B6739940032D01B /* LaunchScreen.storyboard */,
			);
			path = tringuloMetal;
			sourceTree = "<group>";
		};
		672F24352B6739940032D01B /* tringuloMetalTests */ = {
			isa = PBXGroup;
			children = (
				672F24362B6739940032D01B /* tringuloMetalTests.swift */,
			);
			path = tringuloMetalTests;
			sourceTree = "<group>";
		};
		672F243F2B6739940032D01B /* tringuloMetalUITests */ = {
			isa = PBXGroup;
			children = (
				672F24402B6739940032D01B /* tringuloMetalUITests.swift */,
				672F24422B6739940032D01B /* tringuloMetalUITestsLaunchTests.swift */,
			);
			path = tringuloMetalUITests;
			sourceTree = "<group>";
		};
		674CB43C2B9809B1007A9747 /* texture */ = {
			isa = PBXGroup;
			children = (
				674CB43D2B9809C6007A9747 /* TextureViewController.swift */,
				674CB43F2B9809EB007A9747 /* TextureModel.swift */,
				674CB4412B981303007A9747 /* TextureShaders.metal */,
				9FAC01652B98B64D00A75C1B /* ligth.jpeg */,
				9FAC01672B98BBD600A75C1B /* why.jpg */,
				9FAC01692B98BD0600A75C1B /* Purplecolor.JPG */,
				9FAC016B2B98BDAE00A75C1B /* color.jpg */,
				9FAC016D2B98C15700A75C1B /* sim.png */,
			);
			path = texture;
			sourceTree = "<group>";
		};
		9FB1AC2A2B922AC500244EE3 /* teaPot */ = {
			isa = PBXGroup;
			children = (
				9FB1AC272B92278C00244EE3 /* teaPodViewController.swift */,
				9FAC01612B97531200A75C1B /* teaPodStrcutures.swift */,
				9FAC015F2B9608A500A75C1B /* TealPodModel.swift */,
				9FAC01632B97556B00A75C1B /* teaPod.metal */,
				9F208A852B96020C007E6E4F /* wt_teapot.obj */,
			);
			path = teaPot;
			sourceTree = "<group>";
		};
/* End PBXGroup section */

/* Begin PBXNativeTarget section */
		672F241B2B6739930032D01B /* tringuloMetal */ = {
			isa = PBXNativeTarget;
			buildConfigurationList = 672F24462B6739940032D01B /* Build configuration list for PBXNativeTarget "tringuloMetal" */;
			buildPhases = (
				672F24182B6739930032D01B /* Sources */,
				672F24192B6739930032D01B /* Frameworks */,
				672F241A2B6739930032D01B /* Resources */,
			);
			buildRules = (
			);
			dependencies = (
			);
			name = tringuloMetal;
			productName = tringuloMetal;
			productReference = 672F241C2B6739930032D01B /* tringuloMetal.app */;
			productType = "com.apple.product-type.application";
		};
		672F24312B6739940032D01B /* tringuloMetalTests */ = {
			isa = PBXNativeTarget;
			buildConfigurationList = 672F24492B6739940032D01B /* Build configuration list for PBXNativeTarget "tringuloMetalTests" */;
			buildPhases = (
				672F242E2B6739940032D01B /* Sources */,
				672F242F2B6739940032D01B /* Frameworks */,
				672F24302B6739940032D01B /* Resources */,
			);
			buildRules = (
			);
			dependencies = (
				672F24342B6739940032D01B /* PBXTargetDependency */,
			);
			name = tringuloMetalTests;
			productName = tringuloMetalTests;
			productReference = 672F24322B6739940032D01B /* tringuloMetalTests.xctest */;
			productType = "com.apple.product-type.bundle.unit-test";
		};
		672F243B2B6739940032D01B /* tringuloMetalUITests */ = {
			isa = PBXNativeTarget;
			buildConfigurationList = 672F244C2B6739940032D01B /* Build configuration list for PBXNativeTarget "tringuloMetalUITests" */;
			buildPhases = (
				672F24382B6739940032D01B /* Sources */,
				672F24392B6739940032D01B /* Frameworks */,
				672F243A2B6739940032D01B /* Resources */,
			);
			buildRules = (
			);
			dependencies = (
				672F243E2B6739940032D01B /* PBXTargetDependency */,
			);
			name = tringuloMetalUITests;
			productName = tringuloMetalUITests;
			productReference = 672F243C2B6739940032D01B /* tringuloMetalUITests.xctest */;
			productType = "com.apple.product-type.bundle.ui-testing";
		};
/* End PBXNativeTarget section */

/* Begin PBXProject section */
		672F24142B6739930032D01B /* Project object */ = {
			isa = PBXProject;
			attributes = {
				BuildIndependentTargetsInParallel = 1;
				LastSwiftUpdateCheck = 1500;
				LastUpgradeCheck = 1500;
				TargetAttributes = {
					672F241B2B6739930032D01B = {
						CreatedOnToolsVersion = 15.0;
					};
					672F24312B6739940032D01B = {
						CreatedOnToolsVersion = 15.0;
						TestTargetID = 672F241B2B6739930032D01B;
					};
					672F243B2B6739940032D01B = {
						CreatedOnToolsVersion = 15.0;
						TestTargetID = 672F241B2B6739930032D01B;
					};
				};
			};
			buildConfigurationList = 672F24172B6739930032D01B /* Build configuration list for PBXProject "tringuloMetal" */;
			compatibilityVersion = "Xcode 14.0";
			developmentRegion = en;
			hasScannedForEncodings = 0;
			knownRegions = (
				en,
				Base,
			);
			mainGroup = 672F24132B6739930032D01B;
			productRefGroup = 672F241D2B6739930032D01B /* Products */;
			projectDirPath = "";
			projectRoot = "";
			targets = (
				672F241B2B6739930032D01B /* tringuloMetal */,
				672F24312B6739940032D01B /* tringuloMetalTests */,
				672F243B2B6739940032D01B /* tringuloMetalUITests */,
			);
		};
/* End PBXProject section */

/* Begin PBXResourcesBuildPhase section */
		672F241A2B6739930032D01B /* Resources */ = {
			isa = PBXResourcesBuildPhase;
			buildActionMask = 2147483647;
			files = (
				9FAC01682B98BBD600A75C1B /* why.jpg in Resources */,
				672F242C2B6739940032D01B /* LaunchScreen.storyboard in Resources */,
				9FAC016A2B98BD0600A75C1B /* Purplecolor.JPG in Resources */,
				9FAC016E2B98C15700A75C1B /* sim.png in Resources */,
				9F208A862B96020C007E6E4F /* wt_teapot.obj in Resources */,
				672F24292B6739940032D01B /* Assets.xcassets in Resources */,
				672F24272B6739930032D01B /* Main.storyboard in Resources */,
				9FAC01662B98B64D00A75C1B /* ligth.jpeg in Resources */,
				9FAC016C2B98BDAE00A75C1B /* color.jpg in Resources */,
			);
			runOnlyForDeploymentPostprocessing = 0;
		};
		672F24302B6739940032D01B /* Resources */ = {
			isa = PBXResourcesBuildPhase;
			buildActionMask = 2147483647;
			files = (
			);
			runOnlyForDeploymentPostprocessing = 0;
		};
		672F243A2B6739940032D01B /* Resources */ = {
			isa = PBXResourcesBuildPhase;
			buildActionMask = 2147483647;
			files = (
			);
			runOnlyForDeploymentPostprocessing = 0;
		};
/* End PBXResourcesBuildPhase section */

/* Begin PBXSourcesBuildPhase section */
		672F24182B6739930032D01B /* Sources */ = {
			isa = PBXSourcesBuildPhase;
			buildActionMask = 2147483647;
			files = (
				674CB4422B981303007A9747 /* TextureShaders.metal in Sources */,
				9FAC01642B97556B00A75C1B /* teaPod.metal in Sources */,
				673161122B69EA91004EC08A /* Shader.metal in Sources */,
				9FB1AC282B92278C00244EE3 /* teaPodViewController.swift in Sources */,
				67A3885E2B6C932000EFF5C1 /* trianguloCruculos.swift in Sources */,
				672F24242B6739930032D01B /* ViewController.swift in Sources */,
				67F7D3AA2B708B6500987072 /* ColorPlane.swift in Sources */,
				674CB43E2B9809C6007A9747 /* TextureViewController.swift in Sources */,
				9FAC01602B9608A500A75C1B /* TealPodModel.swift in Sources */,
				67A3885C2B6C897600EFF5C1 /* metaStructures.swift in Sources */,
				672F24202B6739930032D01B /* AppDelegate.swift in Sources */,
				674CB4402B9809EB007A9747 /* TextureModel.swift in Sources */,
				67A388602B6C9B1B00EFF5C1 /* subamortiguado.swift in Sources */,
				67A3885A2B6C895400EFF5C1 /* tiroParabolico.swift in Sources */,
				9FAC01622B97531200A75C1B /* teaPodStrcutures.swift in Sources */,
				672F24222B6739930032D01B /* SceneDelegate.swift in Sources */,
			);
			runOnlyForDeploymentPostprocessing = 0;
		};
		672F242E2B6739940032D01B /* Sources */ = {
			isa = PBXSourcesBuildPhase;
			buildActionMask = 2147483647;
			files = (
				672F24372B6739940032D01B /* tringuloMetalTests.swift in Sources */,
			);
			runOnlyForDeploymentPostprocessing = 0;
		};
		672F24382B6739940032D01B /* Sources */ = {
			isa = PBXSourcesBuildPhase;
			buildActionMask = 2147483647;
			files = (
				672F24432B6739940032D01B /* tringuloMetalUITestsLaunchTests.swift in Sources */,
				672F24412B6739940032D01B /* tringuloMetalUITests.swift in Sources */,
			);
			runOnlyForDeploymentPostprocessing = 0;
		};
/* End PBXSourcesBuildPhase section */

/* Begin PBXTargetDependency section */
		672F24342B6739940032D01B /* PBXTargetDependency */ = {
			isa = PBXTargetDependency;
			target = 672F241B2B6739930032D01B /* tringuloMetal */;
			targetProxy = 672F24332B6739940032D01B /* PBXContainerItemProxy */;
		};
		672F243E2B6739940032D01B /* PBXTargetDependency */ = {
			isa = PBXTargetDependency;
			target = 672F241B2B6739930032D01B /* tringuloMetal */;
			targetProxy = 672F243D2B6739940032D01B /* PBXContainerItemProxy */;
		};
/* End PBXTargetDependency section */

/* Begin PBXVariantGroup section */
		672F24252B6739930032D01B /* Main.storyboard */ = {
			isa = PBXVariantGroup;
			children = (
				672F24262B6739930032D01B /* Base */,
			);
			name = Main.storyboard;
			sourceTree = "<group>";
		};
		672F242A2B6739940032D01B /* LaunchScreen.storyboard */ = {
			isa = PBXVariantGroup;
			children = (
				672F242B2B6739940032D01B /* Base */,
			);
			name = LaunchScreen.storyboard;
			sourceTree = "<group>";
		};
/* End PBXVariantGroup section */

/* Begin XCBuildConfiguration section */
		672F24442B6739940032D01B /* Debug */ = {
			isa = XCBuildConfiguration;
			buildSettings = {
				ALWAYS_SEARCH_USER_PATHS = NO;
				ASSETCATALOG_COMPILER_GENERATE_SWIFT_ASSET_SYMBOL_EXTENSIONS = YES;
				CLANG_ANALYZER_NONNULL = YES;
				CLANG_ANALYZER_NUMBER_OBJECT_CONVERSION = YES_AGGRESSIVE;
				CLANG_CXX_LANGUAGE_STANDARD = "gnu++20";
				CLANG_ENABLE_MODULES = YES;
				CLANG_ENABLE_OBJC_ARC = YES;
				CLANG_ENABLE_OBJC_WEAK = YES;
				CLANG_WARN_BLOCK_CAPTURE_AUTORELEASING = YES;
				CLANG_WARN_BOOL_CONVERSION = YES;
				CLANG_WARN_COMMA = YES;
				CLANG_WARN_CONSTANT_CONVERSION = YES;
				CLANG_WARN_DEPRECATED_OBJC_IMPLEMENTATIONS = YES;
				CLANG_WARN_DIRECT_OBJC_ISA_USAGE = YES_ERROR;
				CLANG_WARN_DOCUMENTATION_COMMENTS = YES;
				CLANG_WARN_EMPTY_BODY = YES;
				CLANG_WARN_ENUM_CONVERSION = YES;
				CLANG_WARN_INFINITE_RECURSION = YES;
				CLANG_WARN_INT_CONVERSION = YES;
				CLANG_WARN_NON_LITERAL_NULL_CONVERSION = YES;
				CLANG_WARN_OBJC_IMPLICIT_RETAIN_SELF = YES;
				CLANG_WARN_OBJC_LITERAL_CONVERSION = YES;
				CLANG_WARN_OBJC_ROOT_CLASS = YES_ERROR;
				CLANG_WARN_QUOTED_INCLUDE_IN_FRAMEWORK_HEADER = YES;
				CLANG_WARN_RANGE_LOOP_ANALYSIS = YES;
				CLANG_WARN_STRICT_PROTOTYPES = YES;
				CLANG_WARN_SUSPICIOUS_MOVE = YES;
				CLANG_WARN_UNGUARDED_AVAILABILITY = YES_AGGRESSIVE;
				CLANG_WARN_UNREACHABLE_CODE = YES;
				CLANG_WARN__DUPLICATE_METHOD_MATCH = YES;
				COPY_PHASE_STRIP = NO;
				DEBUG_INFORMATION_FORMAT = dwarf;
				ENABLE_STRICT_OBJC_MSGSEND = YES;
				ENABLE_TESTABILITY = YES;
				ENABLE_USER_SCRIPT_SANDBOXING = YES;
				GCC_C_LANGUAGE_STANDARD = gnu17;
				GCC_DYNAMIC_NO_PIC = NO;
				GCC_NO_COMMON_BLOCKS = YES;
				GCC_OPTIMIZATION_LEVEL = 0;
				GCC_PREPROCESSOR_DEFINITIONS = (
					"DEBUG=1",
					"$(inherited)",
				);
				GCC_WARN_64_TO_32_BIT_CONVERSION = YES;
				GCC_WARN_ABOUT_RETURN_TYPE = YES_ERROR;
				GCC_WARN_UNDECLARED_SELECTOR = YES;
				GCC_WARN_UNINITIALIZED_AUTOS = YES_AGGRESSIVE;
				GCC_WARN_UNUSED_FUNCTION = YES;
				GCC_WARN_UNUSED_VARIABLE = YES;
				IPHONEOS_DEPLOYMENT_TARGET = 17.0;
				LOCALIZATION_PREFERS_STRING_CATALOGS = YES;
				MTL_ENABLE_DEBUG_INFO = INCLUDE_SOURCE;
				MTL_FAST_MATH = YES;
				ONLY_ACTIVE_ARCH = YES;
				SDKROOT = iphoneos;
				SWIFT_ACTIVE_COMPILATION_CONDITIONS = "DEBUG $(inherited)";
				SWIFT_OPTIMIZATION_LEVEL = "-Onone";
			};
			name = Debug;
		};
		672F24452B6739940032D01B /* Release */ = {
			isa = XCBuildConfiguration;
			buildSettings = {
				ALWAYS_SEARCH_USER_PATHS = NO;
				ASSETCATALOG_COMPILER_GENERATE_SWIFT_ASSET_SYMBOL_EXTENSIONS = YES;
				CLANG_ANALYZER_NONNULL = YES;
				CLANG_ANALYZER_NUMBER_OBJECT_CONVERSION = YES_AGGRESSIVE;
				CLANG_CXX_LANGUAGE_STANDARD = "gnu++20";
				CLANG_ENABLE_MODULES = YES;
				CLANG_ENABLE_OBJC_ARC = YES;
				CLANG_ENABLE_OBJC_WEAK = YES;
				CLANG_WARN_BLOCK_CAPTURE_AUTORELEASING = YES;
				CLANG_WARN_BOOL_CONVERSION = YES;
				CLANG_WARN_COMMA = YES;
				CLANG_WARN_CONSTANT_CONVERSION = YES;
				CLANG_WARN_DEPRECATED_OBJC_IMPLEMENTATIONS = YES;
				CLANG_WARN_DIRECT_OBJC_ISA_USAGE = YES_ERROR;
				CLANG_WARN_DOCUMENTATION_COMMENTS = YES;
				CLANG_WARN_EMPTY_BODY = YES;
				CLANG_WARN_ENUM_CONVERSION = YES;
				CLANG_WARN_INFINITE_RECURSION = YES;
				CLANG_WARN_INT_CONVERSION = YES;
				CLANG_WARN_NON_LITERAL_NULL_CONVERSION = YES;
				CLANG_WARN_OBJC_IMPLICIT_RETAIN_SELF = YES;
				CLANG_WARN_OBJC_LITERAL_CONVERSION = YES;
				CLANG_WARN_OBJC_ROOT_CLASS = YES_ERROR;
				CLANG_WARN_QUOTED_INCLUDE_IN_FRAMEWORK_HEADER = YES;
				CLANG_WARN_RANGE_LOOP_ANALYSIS = YES;
				CLANG_WARN_STRICT_PROTOTYPES = YES;
				CLANG_WARN_SUSPICIOUS_MOVE = YES;
				CLANG_WARN_UNGUARDED_AVAILABILITY = YES_AGGRESSIVE;
				CLANG_WARN_UNREACHABLE_CODE = YES;
				CLANG_WARN__DUPLICATE_METHOD_MATCH = YES;
				COPY_PHASE_STRIP = NO;
				DEBUG_INFORMATION_FORMAT = "dwarf-with-dsym";
				ENABLE_NS_ASSERTIONS = NO;
				ENABLE_STRICT_OBJC_MSGSEND = YES;
				ENABLE_USER_SCRIPT_SANDBOXING = YES;
				GCC_C_LANGUAGE_STANDARD = gnu17;
				GCC_NO_COMMON_BLOCKS = YES;
				GCC_WARN_64_TO_32_BIT_CONVERSION = YES;
				GCC_WARN_ABOUT_RETURN_TYPE = YES_ERROR;
				GCC_WARN_UNDECLARED_SELECTOR = YES;
				GCC_WARN_UNINITIALIZED_AUTOS = YES_AGGRESSIVE;
				GCC_WARN_UNUSED_FUNCTION = YES;
				GCC_WARN_UNUSED_VARIABLE = YES;
				IPHONEOS_DEPLOYMENT_TARGET = 17.0;
				LOCALIZATION_PREFERS_STRING_CATALOGS = YES;
				MTL_ENABLE_DEBUG_INFO = NO;
				MTL_FAST_MATH = YES;
				SDKROOT = iphoneos;
				SWIFT_COMPILATION_MODE = wholemodule;
				VALIDATE_PRODUCT = YES;
			};
			name = Release;
		};
		672F24472B6739940032D01B /* Debug */ = {
			isa = XCBuildConfiguration;
			buildSettings = {
				ASSETCATALOG_COMPILER_APPICON_NAME = AppIcon;
				ASSETCATALOG_COMPILER_GLOBAL_ACCENT_COLOR_NAME = AccentColor;
				CODE_SIGN_STYLE = Automatic;
				CURRENT_PROJECT_VERSION = 1;
				DEVELOPMENT_TEAM = 495737228M;
				GENERATE_INFOPLIST_FILE = YES;
				INFOPLIST_FILE = tringuloMetal/Info.plist;
				INFOPLIST_KEY_UIApplicationSupportsIndirectInputEvents = YES;
				INFOPLIST_KEY_UILaunchStoryboardName = LaunchScreen;
				INFOPLIST_KEY_UIMainStoryboardFile = Main;
				INFOPLIST_KEY_UISupportedInterfaceOrientations_iPad = "UIInterfaceOrientationPortrait UIInterfaceOrientationPortraitUpsideDown UIInterfaceOrientationLandscapeLeft UIInterfaceOrientationLandscapeRight";
				INFOPLIST_KEY_UISupportedInterfaceOrientations_iPhone = "UIInterfaceOrientationPortrait UIInterfaceOrientationLandscapeLeft UIInterfaceOrientationLandscapeRight";
				LD_RUNPATH_SEARCH_PATHS = (
					"$(inherited)",
					"@executable_path/Frameworks",
				);
				MARKETING_VERSION = 1.0;
				PRODUCT_BUNDLE_IDENTIFIER = emmanuel.zambrano.tringuloMetal;
				PRODUCT_NAME = "$(TARGET_NAME)";
				SWIFT_EMIT_LOC_STRINGS = YES;
				SWIFT_VERSION = 5.0;
				TARGETED_DEVICE_FAMILY = "1,2";
			};
			name = Debug;
		};
		672F24482B6739940032D01B /* Release */ = {
			isa = XCBuildConfiguration;
			buildSettings = {
				ASSETCATALOG_COMPILER_APPICON_NAME = AppIcon;
				ASSETCATALOG_COMPILER_GLOBAL_ACCENT_COLOR_NAME = AccentColor;
				CODE_SIGN_STYLE = Automatic;
				CURRENT_PROJECT_VERSION = 1;
				DEVELOPMENT_TEAM = 495737228M;
				GENERATE_INFOPLIST_FILE = YES;
				INFOPLIST_FILE = tringuloMetal/Info.plist;
				INFOPLIST_KEY_UIApplicationSupportsIndirectInputEvents = YES;
				INFOPLIST_KEY_UILaunchStoryboardName = LaunchScreen;
				INFOPLIST_KEY_UIMainStoryboardFile = Main;
				INFOPLIST_KEY_UISupportedInterfaceOrientations_iPad = "UIInterfaceOrientationPortrait UIInterfaceOrientationPortraitUpsideDown UIInterfaceOrientationLandscapeLeft UIInterfaceOrientationLandscapeRight";
				INFOPLIST_KEY_UISupportedInterfaceOrientations_iPhone = "UIInterfaceOrientationPortrait UIInterfaceOrientationLandscapeLeft UIInterfaceOrientationLandscapeRight";
				LD_RUNPATH_SEARCH_PATHS = (
					"$(inherited)",
					"@executable_path/Frameworks",
				);
				MARKETING_VERSION = 1.0;
				PRODUCT_BUNDLE_IDENTIFIER = emmanuel.zambrano.tringuloMetal;
				PRODUCT_NAME = "$(TARGET_NAME)";
				SWIFT_EMIT_LOC_STRINGS = YES;
				SWIFT_VERSION = 5.0;
				TARGETED_DEVICE_FAMILY = "1,2";
			};
			name = Release;
		};
		672F244A2B6739940032D01B /* Debug */ = {
			isa = XCBuildConfiguration;
			buildSettings = {
				ALWAYS_EMBED_SWIFT_STANDARD_LIBRARIES = YES;
				BUNDLE_LOADER = "$(TEST_HOST)";
				CODE_SIGN_STYLE = Automatic;
				CURRENT_PROJECT_VERSION = 1;
				DEVELOPMENT_TEAM = 495737228M;
				GENERATE_INFOPLIST_FILE = YES;
				IPHONEOS_DEPLOYMENT_TARGET = 17.0;
				MARKETING_VERSION = 1.0;
				PRODUCT_BUNDLE_IDENTIFIER = emmanuel.zambrano.tringuloMetalTests;
				PRODUCT_NAME = "$(TARGET_NAME)";
				SWIFT_EMIT_LOC_STRINGS = NO;
				SWIFT_VERSION = 5.0;
				TARGETED_DEVICE_FAMILY = "1,2";
				TEST_HOST = "$(BUILT_PRODUCTS_DIR)/tringuloMetal.app/$(BUNDLE_EXECUTABLE_FOLDER_PATH)/tringuloMetal";
			};
			name = Debug;
		};
		672F244B2B6739940032D01B /* Release */ = {
			isa = XCBuildConfiguration;
			buildSettings = {
				ALWAYS_EMBED_SWIFT_STANDARD_LIBRARIES = YES;
				BUNDLE_LOADER = "$(TEST_HOST)";
				CODE_SIGN_STYLE = Automatic;
				CURRENT_PROJECT_VERSION = 1;
				DEVELOPMENT_TEAM = 495737228M;
				GENERATE_INFOPLIST_FILE = YES;
				IPHONEOS_DEPLOYMENT_TARGET = 17.0;
				MARKETING_VERSION = 1.0;
				PRODUCT_BUNDLE_IDENTIFIER = emmanuel.zambrano.tringuloMetalTests;
				PRODUCT_NAME = "$(TARGET_NAME)";
				SWIFT_EMIT_LOC_STRINGS = NO;
				SWIFT_VERSION = 5.0;
				TARGETED_DEVICE_FAMILY = "1,2";
				TEST_HOST = "$(BUILT_PRODUCTS_DIR)/tringuloMetal.app/$(BUNDLE_EXECUTABLE_FOLDER_PATH)/tringuloMetal";
			};
			name = Release;
		};
		672F244D2B6739940032D01B /* Debug */ = {
			isa = XCBuildConfiguration;
			buildSettings = {
				ALWAYS_EMBED_SWIFT_STANDARD_LIBRARIES = YES;
				"CODE_SIGN_IDENTITY[sdk=macosx*]" = "Apple Development";
				CODE_SIGN_STYLE = Automatic;
				CURRENT_PROJECT_VERSION = 1;
				DEVELOPMENT_TEAM = 495737228M;
				GENERATE_INFOPLIST_FILE = YES;
				MARKETING_VERSION = 1.0;
				PRODUCT_BUNDLE_IDENTIFIER = emmanuel.zambrano.tringuloMetalUITests;
				PRODUCT_NAME = "$(TARGET_NAME)";
				SWIFT_EMIT_LOC_STRINGS = NO;
				SWIFT_VERSION = 5.0;
				TARGETED_DEVICE_FAMILY = "1,2";
				TEST_TARGET_NAME = tringuloMetal;
			};
			name = Debug;
		};
		672F244E2B6739940032D01B /* Release */ = {
			isa = XCBuildConfiguration;
			buildSettings = {
				ALWAYS_EMBED_SWIFT_STANDARD_LIBRARIES = YES;
				"CODE_SIGN_IDENTITY[sdk=macosx*]" = "Apple Development";
				CODE_SIGN_STYLE = Automatic;
				CURRENT_PROJECT_VERSION = 1;
				DEVELOPMENT_TEAM = 495737228M;
				GENERATE_INFOPLIST_FILE = YES;
				MARKETING_VERSION = 1.0;
				PRODUCT_BUNDLE_IDENTIFIER = emmanuel.zambrano.tringuloMetalUITests;
				PRODUCT_NAME = "$(TARGET_NAME)";
				SWIFT_EMIT_LOC_STRINGS = NO;
				SWIFT_VERSION = 5.0;
				TARGETED_DEVICE_FAMILY = "1,2";
				TEST_TARGET_NAME = tringuloMetal;
			};
			name = Release;
		};
/* End XCBuildConfiguration section */

/* Begin XCConfigurationList section */
		672F24172B6739930032D01B /* Build configuration list for PBXProject "tringuloMetal" */ = {
			isa = XCConfigurationList;
			buildConfigurations = (
				672F24442B6739940032D01B /* Debug */,
				672F24452B6739940032D01B /* Release */,
			);
			defaultConfigurationIsVisible = 0;
			defaultConfigurationName = Release;
		};
		672F24462B6739940032D01B /* Build configuration list for PBXNativeTarget "tringuloMetal" */ = {
			isa = XCConfigurationList;
			buildConfigurations = (
				672F24472B6739940032D01B /* Debug */,
				672F24482B6739940032D01B /* Release */,
			);
			defaultConfigurationIsVisible = 0;
			defaultConfigurationName = Release;
		};
		672F24492B6739940032D01B /* Build configuration list for PBXNativeTarget "tringuloMetalTests" */ = {
			isa = XCConfigurationList;
			buildConfigurations = (
				672F244A2B6739940032D01B /* Debug */,
				672F244B2B6739940032D01B /* Release */,
			);
			defaultConfigurationIsVisible = 0;
			defaultConfigurationName = Release;
		};
		672F244C2B6739940032D01B /* Build configuration list for PBXNativeTarget "tringuloMetalUITests" */ = {
			isa = XCConfigurationList;
			buildConfigurations = (
				672F244D2B6739940032D01B /* Debug */,
				672F244E2B6739940032D01B /* Release */,
			);
			defaultConfigurationIsVisible = 0;
			defaultConfigurationName = Release;
		};
/* End XCConfigurationList section */
	};
	rootObject = 672F24142B6739930032D01B /* Project object */;
}
